// !$*UTF8*$!
{
	archiveVersion = 1;
	classes = {
	};
	objectVersion = 46;
	objects = {

/* Begin PBXBuildFile section */
		EB5D16C01EEAADA600F77853 /* AppDelegate.swift in Sources */ = {isa = PBXBuildFile; fileRef = EB5D16BF1EEAADA600F77853 /* AppDelegate.swift */; };
		EB5D16C21EEAADA600F77853 /* TasksViewController.swift in Sources */ = {isa = PBXBuildFile; fileRef = EB5D16C11EEAADA600F77853 /* TasksViewController.swift */; };
		EB5D16C51EEAADA600F77853 /* Main.storyboard in Resources */ = {isa = PBXBuildFile; fileRef = EB5D16C31EEAADA600F77853 /* Main.storyboard */; };
		EB5D16C81EEAADA600F77853 /* DoIt.xcdatamodeld in Sources */ = {isa = PBXBuildFile; fileRef = EB5D16C61EEAADA600F77853 /* DoIt.xcdatamodeld */; };
		EB5D16CA1EEAADA600F77853 /* Assets.xcassets in Resources */ = {isa = PBXBuildFile; fileRef = EB5D16C91EEAADA600F77853 /* Assets.xcassets */; };
		EB5D16CD1EEAADA600F77853 /* LaunchScreen.storyboard in Resources */ = {isa = PBXBuildFile; fileRef = EB5D16CB1EEAADA600F77853 /* LaunchScreen.storyboard */; };
		EB5D16D51EEAB1A500F77853 /* Task.swift in Sources */ = {isa = PBXBuildFile; fileRef = EB5D16D41EEAB1A500F77853 /* Task.swift */; };
		EB5D16D71EEAB9A000F77853 /* CreateTaskViewController.swift in Sources */ = {isa = PBXBuildFile; fileRef = EB5D16D61EEAB9A000F77853 /* CreateTaskViewController.swift */; };
		EB5D16D91EEAC41400F77853 /* CompleteTaskViewController.swift in Sources */ = {isa = PBXBuildFile; fileRef = EB5D16D81EEAC41400F77853 /* CompleteTaskViewController.swift */; };
/* End PBXBuildFile section */

/* Begin PBXFileReference section */
		EB5D16BC1EEAADA600F77853 /* DoIt.app */ = {isa = PBXFileReference; explicitFileType = wrapper.application; includeInIndex = 0; path = DoIt.app; sourceTree = BUILT_PRODUCTS_DIR; };
		EB5D16BF1EEAADA600F77853 /* AppDelegate.swift */ = {isa = PBXFileReference; lastKnownFileType = sourcecode.swift; path = AppDelegate.swift; sourceTree = "<group>"; };
		EB5D16C11EEAADA600F77853 /* TasksViewController.swift */ = {isa = PBXFileReference; lastKnownFileType = sourcecode.swift; path = TasksViewController.swift; sourceTree = "<group>"; };
		EB5D16C41EEAADA600F77853 /* Base */ = {isa = PBXFileReference; lastKnownFileType = file.storyboard; name = Base; path = Base.lproj/Main.storyboard; sourceTree = "<group>"; };
		EB5D16C71EEAADA600F77853 /* DoIt.xcdatamodel */ = {isa = PBXFileReference; lastKnownFileType = wrapper.xcdatamodel; path = DoIt.xcdatamodel; sourceTree = "<group>"; };
		EB5D16C91EEAADA600F77853 /* Assets.xcassets */ = {isa = PBXFileReference; lastKnownFileType = folder.assetcatalog; path = Assets.xcassets; sourceTree = "<group>"; };
		EB5D16CC1EEAADA600F77853 /* Base */ = {isa = PBXFileReference; lastKnownFileType = file.storyboard; name = Base; path = Base.lproj/LaunchScreen.storyboard; sourceTree = "<group>"; };
		EB5D16CE1EEAADA600F77853 /* Info.plist */ = {isa = PBXFileReference; lastKnownFileType = text.plist.xml; path = Info.plist; sourceTree = "<group>"; };
		EB5D16D41EEAB1A500F77853 /* Task.swift */ = {isa = PBXFileReference; fileEncoding = 4; lastKnownFileType = sourcecode.swift; path = Task.swift; sourceTree = "<group>"; };
		EB5D16D61EEAB9A000F77853 /* CreateTaskViewController.swift */ = {isa = PBXFileReference; fileEncoding = 4; lastKnownFileType = sourcecode.swift; path = CreateTaskViewController.swift; sourceTree = "<group>"; };
		EB5D16D81EEAC41400F77853 /* CompleteTaskViewController.swift */ = {isa = PBXFileReference; fileEncoding = 4; lastKnownFileType = sourcecode.swift; path = CompleteTaskViewController.swift; sourceTree = "<group>"; };
/* End PBXFileReference section */

/* Begin PBXFrameworksBuildPhase section */
		EB5D16B91EEAADA600F77853 /* Frameworks */ = {
			isa = PBXFrameworksBuildPhase;
			buildActionMask = 2147483647;
			files = (
			);
			runOnlyForDeploymentPostprocessing = 0;
		};
/* End PBXFrameworksBuildPhase section */

/* Begin PBXGroup section */
		EB5D16B31EEAADA600F77853 = {
			isa = PBXGroup;
			children = (
				EB5D16BE1EEAADA600F77853 /* DoIt */,
				EB5D16BD1EEAADA600F77853 /* Products */,
			);
			sourceTree = "<group>";
		};
		EB5D16BD1EEAADA600F77853 /* Products */ = {
			isa = PBXGroup;
			children = (
				EB5D16BC1EEAADA600F77853 /* DoIt.app */,
			);
			name = Products;
			sourceTree = "<group>";
		};
		EB5D16BE1EEAADA600F77853 /* DoIt */ = {
			isa = PBXGroup;
			children = (
				EB5D16BF1EEAADA600F77853 /* AppDelegate.swift */,
				EB5D16C11EEAADA600F77853 /* TasksViewController.swift */,
				EB5D16D81EEAC41400F77853 /* CompleteTaskViewController.swift */,
				EB5D16D61EEAB9A000F77853 /* CreateTaskViewController.swift */,
				EB5D16D41EEAB1A500F77853 /* Task.swift */,
				EB5D16C31EEAADA600F77853 /* Main.storyboard */,
				EB5D16C91EEAADA600F77853 /* Assets.xcassets */,
				EB5D16CB1EEAADA600F77853 /* LaunchScreen.storyboard */,
				EB5D16CE1EEAADA600F77853 /* Info.plist */,
				EB5D16C61EEAADA600F77853 /* DoIt.xcdatamodeld */,
			);
			path = DoIt;
			sourceTree = "<group>";
		};
/* End PBXGroup section */

/* Begin PBXNativeTarget section */
		EB5D16BB1EEAADA600F77853 /* DoIt */ = {
			isa = PBXNativeTarget;
			buildConfigurationList = EB5D16D11EEAADA600F77853 /* Build configuration list for PBXNativeTarget "DoIt" */;
			buildPhases = (
				EB5D16B81EEAADA600F77853 /* Sources */,
				EB5D16B91EEAADA600F77853 /* Frameworks */,
				EB5D16BA1EEAADA600F77853 /* Resources */,
			);
			buildRules = (
			);
			dependencies = (
			);
			name = DoIt;
			productName = DoIt;
			productReference = EB5D16BC1EEAADA600F77853 /* DoIt.app */;
			productType = "com.apple.product-type.application";
		};
/* End PBXNativeTarget section */

/* Begin PBXProject section */
		EB5D16B41EEAADA600F77853 /* Project object */ = {
			isa = PBXProject;
			attributes = {
				LastSwiftUpdateCheck = 0830;
				LastUpgradeCheck = 0830;
				ORGANIZATIONNAME = "the Luckiest";
				TargetAttributes = {
					EB5D16BB1EEAADA600F77853 = {
						CreatedOnToolsVersion = 8.3.2;
						ProvisioningStyle = Automatic;
					};
				};
			};
			buildConfigurationList = EB5D16B71EEAADA600F77853 /* Build configuration list for PBXProject "DoIt" */;
			compatibilityVersion = "Xcode 3.2";
			developmentRegion = English;
			hasScannedForEncodings = 0;
			knownRegions = (
				en,
				Base,
			);
			mainGroup = EB5D16B31EEAADA600F77853;
			productRefGroup = EB5D16BD1EEAADA600F77853 /* Products */;
			projectDirPath = "";
			projectRoot = "";
			targets = (
				EB5D16BB1EEAADA600F77853 /* DoIt */,
			);
		};
/* End PBXProject section */

/* Begin PBXResourcesBuildPhase section */
		EB5D16BA1EEAADA600F77853 /* Resources */ = {
			isa = PBXResourcesBuildPhase;
			buildActionMask = 2147483647;
			files = (
				EB5D16CD1EEAADA600F77853 /* LaunchScreen.storyboard in Resources */,
				EB5D16CA1EEAADA600F77853 /* Assets.xcassets in Resources */,
				EB5D16C51EEAADA600F77853 /* Main.storyboard in Resources */,
			);
			runOnlyForDeploymentPostprocessing = 0;
		};
/* End PBXResourcesBuildPhase section */

/* Begin PBXSourcesBuildPhase section */
		EB5D16B81EEAADA600F77853 /* Sources */ = {
			isa = PBXSourcesBuildPhase;
			buildActionMask = 2147483647;
			files = (
				EB5D16D51EEAB1A500F77853 /* Task.swift in Sources */,
				EB5D16C81EEAADA600F77853 /* DoIt.xcdatamodeld in Sources */,
				EB5D16D91EEAC41400F77853 /* CompleteTaskViewController.swift in Sources */,
				EB5D16C21EEAADA600F77853 /* TasksViewController.swift in Sources */,
				EB5D16C01EEAADA600F77853 /* AppDelegate.swift in Sources */,
				EB5D16D71EEAB9A000F77853 /* CreateTaskViewController.swift in Sources */,
			);
			runOnlyForDeploymentPostprocessing = 0;
		};
/* End PBXSourcesBuildPhase section */

/* Begin PBXVariantGroup section */
		EB5D16C31EEAADA600F77853 /* Main.storyboard */ = {
			isa = PBXVariantGroup;
			children = (
				EB5D16C41EEAADA600F77853 /* Base */,
			);
			name = Main.storyboard;
			sourceTree = "<group>";
		};
		EB5D16CB1EEAADA600F77853 /* LaunchScreen.storyboard */ = {
			isa = PBXVariantGroup;
			children = (
				EB5D16CC1EEAADA600F77853 /* Base */,
			);
			name = LaunchScreen.storyboard;
			sourceTree = "<group>";
		};
/* End PBXVariantGroup section */

/* Begin XCBuildConfiguration section */
		EB5D16CF1EEAADA600F77853 /* Debug */ = {
			isa = XCBuildConfiguration;
			buildSettings = {
				ALWAYS_SEARCH_USER_PATHS = NO;
				CLANG_ANALYZER_NONNULL = YES;
				CLANG_ANALYZER_NUMBER_OBJECT_CONVERSION = YES_AGGRESSIVE;
				CLANG_CXX_LANGUAGE_STANDARD = "gnu++0x";
				CLANG_CXX_LIBRARY = "libc++";
				CLANG_ENABLE_MODULES = YES;
				CLANG_ENABLE_OBJC_ARC = YES;
				CLANG_WARN_BOOL_CONVERSION = YES;
				CLANG_WARN_CONSTANT_CONVERSION = YES;
				CLANG_WARN_DIRECT_OBJC_ISA_USAGE = YES_ERROR;
				CLANG_WARN_DOCUMENTATION_COMMENTS = YES;
				CLANG_WARN_EMPTY_BODY = YES;
				CLANG_WARN_ENUM_CONVERSION = YES;
				CLANG_WARN_INFINITE_RECURSION = YES;
				CLANG_WARN_INT_CONVERSION = YES;
				CLANG_WARN_OBJC_ROOT_CLASS = YES_ERROR;
				CLANG_WARN_SUSPICIOUS_MOVE = YES;
				CLANG_WARN_UNREACHABLE_CODE = YES;
				CLANG_WARN__DUPLICATE_METHOD_MATCH = YES;
				"CODE_SIGN_IDENTITY[sdk=iphoneos*]" = "iPhone Developer";
				COPY_PHASE_STRIP = NO;
				DEBUG_INFORMATION_FORMAT = dwarf;
				ENABLE_STRICT_OBJC_MSGSEND = YES;
				ENABLE_TESTABILITY = YES;
				GCC_C_LANGUAGE_STANDARD = gnu99;
				GCC_DYNAMIC_NO_PIC = NO;
				GCC_NO_COMMON_BLOCKS = YES;
				GCC_OPTIMIZATION_LEVEL = 0;
				GCC_PREPROCESSOR_DEFINITIONS = (
					"DEBUG=1",
					"$(inherited)",
				);
				GCC_WARN_64_TO_32_BIT_CONVERSION = YES;
				GCC_WARN_ABOUT_RETURN_TYPE = YES_ERROR;
				GCC_WARN_UNDECLARED_SELECTOR = YES;
				GCC_WARN_UNINITIALIZED_AUTOS = YES_AGGRESSIVE;
				GCC_WARN_UNUSED_FUNCTION = YES;
				GCC_WARN_UNUSED_VARIABLE = YES;
				IPHONEOS_DEPLOYMENT_TARGET = 10.3;
				MTL_ENABLE_DEBUG_INFO = YES;
				ONLY_ACTIVE_ARCH = YES;
				SDKROOT = iphoneos;
				SWIFT_ACTIVE_COMPILATION_CONDITIONS = DEBUG;
				SWIFT_OPTIMIZATION_LEVEL = "-Onone";
				TARGETED_DEVICE_FAMILY = "1,2";
			};
			name = Debug;
		};
		EB5D16D01EEAADA600F77853 /* Release */ = {
			isa = XCBuildConfiguration;
			buildSettings = {
				ALWAYS_SEARCH_USER_PATHS = NO;
				CLANG_ANALYZER_NONNULL = YES;
				CLANG_ANALYZER_NUMBER_OBJECT_CONVERSION = YES_AGGRESSIVE;
				CLANG_CXX_LANGUAGE_STANDARD = "gnu++0x";
				CLANG_CXX_LIBRARY = "libc++";
				CLANG_ENABLE_MODULES = YES;
				CLANG_ENABLE_OBJC_ARC = YES;
				CLANG_WARN_BOOL_CONVERSION = YES;
				CLANG_WARN_CONSTANT_CONVERSION = YES;
				CLANG_WARN_DIRECT_OBJC_ISA_USAGE = YES_ERROR;
				CLANG_WARN_DOCUMENTATION_COMMENTS = YES;
				CLANG_WARN_EMPTY_BODY = YES;
				CLANG_WARN_ENUM_CONVERSION = YES;
				CLANG_WARN_INFINITE_RECURSION = YES;
				CLANG_WARN_INT_CONVERSION = YES;
				CLANG_WARN_OBJC_ROOT_CLASS = YES_ERROR;
				CLANG_WARN_SUSPICIOUS_MOVE = YES;
				CLANG_WARN_UNREACHABLE_CODE = YES;
				CLANG_WARN__DUPLICATE_METHOD_MATCH = YES;
				"CODE_SIGN_IDENTITY[sdk=iphoneos*]" = "iPhone Developer";
				COPY_PHASE_STRIP = NO;
				DEBUG_INFORMATION_FORMAT = "dwarf-with-dsym";
				ENABLE_NS_ASSERTIONS = NO;
				ENABLE_STRICT_OBJC_MSGSEND = YES;
				GCC_C_LANGUAGE_STANDARD = gnu99;
				GCC_NO_COMMON_BLOCKS = YES;
				GCC_WARN_64_TO_32_BIT_CONVERSION = YES;
				GCC_WARN_ABOUT_RETURN_TYPE = YES_ERROR;
				GCC_WARN_UNDECLARED_SELECTOR = YES;
				GCC_WARN_UNINITIALIZED_AUTOS = YES_AGGRESSIVE;
				GCC_WARN_UNUSED_FUNCTION = YES;
				GCC_WARN_UNUSED_VARIABLE = YES;
				IPHONEOS_DEPLOYMENT_TARGET = 10.3;
				MTL_ENABLE_DEBUG_INFO = NO;
				SDKROOT = iphoneos;
				SWIFT_OPTIMIZATION_LEVEL = "-Owholemodule";
				TARGETED_DEVICE_FAMILY = "1,2";
				VALIDATE_PRODUCT = YES;
			};
			name = Release;
		};
		EB5D16D21EEAADA600F77853 /* Debug */ = {
			isa = XCBuildConfiguration;
			buildSettings = {
				ASSETCATALOG_COMPILER_APPICON_NAME = AppIcon;
				INFOPLIST_FILE = DoIt/Info.plist;
				LD_RUNPATH_SEARCH_PATHS = "$(inherited) @executable_path/Frameworks";
				PRODUCT_BUNDLE_IDENTIFIER = com.master.DoIt;
				PRODUCT_NAME = "$(TARGET_NAME)";
				SWIFT_VERSION = 3.0;
			};
			name = Debug;
		};
		EB5D16D31EEAADA600F77853 /* Release */ = {
			isa = XCBuildConfiguration;
			buildSettings = {
				ASSETCATALOG_COMPILER_APPICON_NAME = AppIcon;
				INFOPLIST_FILE = DoIt/Info.plist;
				LD_RUNPATH_SEARCH_PATHS = "$(inherited) @executable_path/Frameworks";
				PRODUCT_BUNDLE_IDENTIFIER = com.master.DoIt;
				PRODUCT_NAME = "$(TARGET_NAME)";
				SWIFT_VERSION = 3.0;
			};
			name = Release;
		};
/* End XCBuildConfiguration section */

/* Begin XCConfigurationList section */
		EB5D16B71EEAADA600F77853 /* Build configuration list for PBXProject "DoIt" */ = {
			isa = XCConfigurationList;
			buildConfigurations = (
				EB5D16CF1EEAADA600F77853 /* Debug */,
				EB5D16D01EEAADA600F77853 /* Release */,
			);
			defaultConfigurationIsVisible = 0;
			defaultConfigurationName = Release;
		};
		EB5D16D11EEAADA600F77853 /* Build configuration list for PBXNativeTarget "DoIt" */ = {
			isa = XCConfigurationList;
			buildConfigurations = (
				EB5D16D21EEAADA600F77853 /* Debug */,
				EB5D16D31EEAADA600F77853 /* Release */,
			);
			defaultConfigurationIsVisible = 0;
			defaultConfigurationName = Release;
		};
/* End XCConfigurationList section */

/* Begin XCVersionGroup section */
		EB5D16C61EEAADA600F77853 /* DoIt.xcdatamodeld */ = {
			isa = XCVersionGroup;
			children = (
				EB5D16C71EEAADA600F77853 /* DoIt.xcdatamodel */,
			);
			currentVersion = EB5D16C71EEAADA600F77853 /* DoIt.xcdatamodel */;
			path = DoIt.xcdatamodeld;
			sourceTree = "<group>";
			versionGroupType = wrapper.xcdatamodel;
		};
/* End XCVersionGroup section */
	};
	rootObject = EB5D16B41EEAADA600F77853 /* Project object */;
}
